
Microsoft Visual Studio Solution File, Format Version 12.00
Project("{FAE04EC0-301F-11D3-BF4B-00C04F79EFBC}") = "dotnet-learning", "dotnet-learning\dotnet-learning.csproj", "{599B71A2-B4B3-4680-B884-DC7B3F9FF408}"
EndProject
Global
	GlobalSection(SolutionConfigurationPlatforms) = preSolution
		Debug|Any CPU = Debug|Any CPU
		Release|Any CPU = Release|Any CPU
	EndGlobalSection
	GlobalSection(ProjectConfigurationPlatforms) = postSolution
		{599B71A2-B4B3-4680-B884-DC7B3F9FF408}.Debug|Any CPU.ActiveCfg = Debug|Any CPU
		{599B71A2-B4B3-4680-B884-DC7B3F9FF408}.Debug|Any CPU.Build.0 = Debug|Any CPU
		{599B71A2-B4B3-4680-B884-DC7B3F9FF408}.Release|Any CPU.ActiveCfg = Release|Any CPU
		{599B71A2-B4B3-4680-B884-DC7B3F9FF408}.Release|Any CPU.Build.0 = Release|Any CPU
	EndGlobalSection
EndGlobal
